// !$*UTF8*$!
{
	archiveVersion = 1;
	classes = {
	};
	objectVersion = 56;
	objects = {

/* Begin PBXBuildFile section */
		995553BD2B4934DC00260645 /* AppDelegate.swift in Sources */ = {isa = PBXBuildFile; fileRef = 995553BC2B4934DC00260645 /* AppDelegate.swift */; };
		995553BF2B4934DC00260645 /* SceneDelegate.swift in Sources */ = {isa = PBXBuildFile; fileRef = 995553BE2B4934DC00260645 /* SceneDelegate.swift */; };
		995553C62B4934E100260645 /* Assets.xcassets in Resources */ = {isa = PBXBuildFile; fileRef = 995553C52B4934E100260645 /* Assets.xcassets */; };
		995553C92B4934E100260645 /* LaunchScreen.storyboard in Resources */ = {isa = PBXBuildFile; fileRef = 995553C72B4934E100260645 /* LaunchScreen.storyboard */; };
		995553D12B496F7500260645 /* SearchVC.swift in Sources */ = {isa = PBXBuildFile; fileRef = 995553D02B496F7500260645 /* SearchVC.swift */; };
		995553D32B496F8500260645 /* FavouritesVC.swift in Sources */ = {isa = PBXBuildFile; fileRef = 995553D22B496F8500260645 /* FavouritesVC.swift */; };
		995553D52B4981FD00260645 /* CSButton.swift in Sources */ = {isa = PBXBuildFile; fileRef = 995553D42B4981FD00260645 /* CSButton.swift */; };
		995553D72B49942B00260645 /* CSTextfield.swift in Sources */ = {isa = PBXBuildFile; fileRef = 995553D62B49942B00260645 /* CSTextfield.swift */; };
		99B482552B4ACBF5005327A4 /* FollowersVC.swift in Sources */ = {isa = PBXBuildFile; fileRef = 99B482542B4ACBF5005327A4 /* FollowersVC.swift */; };
		99B482572B4AFCFF005327A4 /* CSTitleLabel.swift in Sources */ = {isa = PBXBuildFile; fileRef = 99B482562B4AFCFF005327A4 /* CSTitleLabel.swift */; };
		99B482592B4AFE36005327A4 /* CSBodyLabel.swift in Sources */ = {isa = PBXBuildFile; fileRef = 99B482582B4AFE36005327A4 /* CSBodyLabel.swift */; };
		99B4825B2B4BCC48005327A4 /* CSAlertVC.swift in Sources */ = {isa = PBXBuildFile; fileRef = 99B4825A2B4BCC48005327A4 /* CSAlertVC.swift */; };
		99B4825D2B4C3EA1005327A4 /* UIViewController+Ext.swift in Sources */ = {isa = PBXBuildFile; fileRef = 99B4825C2B4C3EA1005327A4 /* UIViewController+Ext.swift */; };
		99B482652B4C53FB005327A4 /* CSAlertContainerView.swift in Sources */ = {isa = PBXBuildFile; fileRef = 99B482642B4C53FB005327A4 /* CSAlertContainerView.swift */; };
		99B4826A2B4D21D2005327A4 /* Follower.swift in Sources */ = {isa = PBXBuildFile; fileRef = 99B482692B4D21D2005327A4 /* Follower.swift */; };
		99B4826C2B4D2998005327A4 /* User.swift in Sources */ = {isa = PBXBuildFile; fileRef = 99B4826B2B4D2998005327A4 /* User.swift */; };
		99B4826F2B4D44BA005327A4 /* NetworkManager.swift in Sources */ = {isa = PBXBuildFile; fileRef = 99B4826E2B4D44BA005327A4 /* NetworkManager.swift */; };
		99B482722B4D7E14005327A4 /* CSError.swift in Sources */ = {isa = PBXBuildFile; fileRef = 99B482712B4D7E14005327A4 /* CSError.swift */; };
		99B482742B4D9F61005327A4 /* CSAvatarImageView.swift in Sources */ = {isa = PBXBuildFile; fileRef = 99B482732B4D9F61005327A4 /* CSAvatarImageView.swift */; };
		99B482762B4DA008005327A4 /* FollowerCell.swift in Sources */ = {isa = PBXBuildFile; fileRef = 99B482752B4DA008005327A4 /* FollowerCell.swift */; };
		99B4827A2B4E9FB9005327A4 /* UIHelper.swift in Sources */ = {isa = PBXBuildFile; fileRef = 99B482792B4E9FB9005327A4 /* UIHelper.swift */; };
		99B482822B4EEB86005327A4 /* CSEmptyStateView.swift in Sources */ = {isa = PBXBuildFile; fileRef = 99B482812B4EEB86005327A4 /* CSEmptyStateView.swift */; };
/* End PBXBuildFile section */

/* Begin PBXFileReference section */
		995553B92B4934DC00260645 /* CaseStudy.app */ = {isa = PBXFileReference; explicitFileType = wrapper.application; includeInIndex = 0; path = CaseStudy.app; sourceTree = BUILT_PRODUCTS_DIR; };
		995553BC2B4934DC00260645 /* AppDelegate.swift */ = {isa = PBXFileReference; lastKnownFileType = sourcecode.swift; path = AppDelegate.swift; sourceTree = "<group>"; };
		995553BE2B4934DC00260645 /* SceneDelegate.swift */ = {isa = PBXFileReference; lastKnownFileType = sourcecode.swift; path = SceneDelegate.swift; sourceTree = "<group>"; };
		995553C52B4934E100260645 /* Assets.xcassets */ = {isa = PBXFileReference; lastKnownFileType = folder.assetcatalog; path = Assets.xcassets; sourceTree = "<group>"; };
		995553C82B4934E100260645 /* Base */ = {isa = PBXFileReference; lastKnownFileType = file.storyboard; name = Base; path = Base.lproj/LaunchScreen.storyboard; sourceTree = "<group>"; };
		995553CA2B4934E100260645 /* Info.plist */ = {isa = PBXFileReference; lastKnownFileType = text.plist.xml; path = Info.plist; sourceTree = "<group>"; };
		995553D02B496F7500260645 /* SearchVC.swift */ = {isa = PBXFileReference; lastKnownFileType = sourcecode.swift; path = SearchVC.swift; sourceTree = "<group>"; };
		995553D22B496F8500260645 /* FavouritesVC.swift */ = {isa = PBXFileReference; lastKnownFileType = sourcecode.swift; path = FavouritesVC.swift; sourceTree = "<group>"; };
		995553D42B4981FD00260645 /* CSButton.swift */ = {isa = PBXFileReference; lastKnownFileType = sourcecode.swift; path = CSButton.swift; sourceTree = "<group>"; };
		995553D62B49942B00260645 /* CSTextfield.swift */ = {isa = PBXFileReference; lastKnownFileType = sourcecode.swift; path = CSTextfield.swift; sourceTree = "<group>"; };
		99B482542B4ACBF5005327A4 /* FollowersVC.swift */ = {isa = PBXFileReference; lastKnownFileType = sourcecode.swift; path = FollowersVC.swift; sourceTree = "<group>"; };
		99B482562B4AFCFF005327A4 /* CSTitleLabel.swift */ = {isa = PBXFileReference; lastKnownFileType = sourcecode.swift; path = CSTitleLabel.swift; sourceTree = "<group>"; };
		99B482582B4AFE36005327A4 /* CSBodyLabel.swift */ = {isa = PBXFileReference; lastKnownFileType = sourcecode.swift; path = CSBodyLabel.swift; sourceTree = "<group>"; };
		99B4825A2B4BCC48005327A4 /* CSAlertVC.swift */ = {isa = PBXFileReference; lastKnownFileType = sourcecode.swift; path = CSAlertVC.swift; sourceTree = "<group>"; };
		99B4825C2B4C3EA1005327A4 /* UIViewController+Ext.swift */ = {isa = PBXFileReference; lastKnownFileType = sourcecode.swift; path = "UIViewController+Ext.swift"; sourceTree = "<group>"; };
		99B482642B4C53FB005327A4 /* CSAlertContainerView.swift */ = {isa = PBXFileReference; lastKnownFileType = sourcecode.swift; path = CSAlertContainerView.swift; sourceTree = "<group>"; };
		99B482692B4D21D2005327A4 /* Follower.swift */ = {isa = PBXFileReference; lastKnownFileType = sourcecode.swift; path = Follower.swift; sourceTree = "<group>"; };
		99B4826B2B4D2998005327A4 /* User.swift */ = {isa = PBXFileReference; lastKnownFileType = sourcecode.swift; path = User.swift; sourceTree = "<group>"; };
		99B4826E2B4D44BA005327A4 /* NetworkManager.swift */ = {isa = PBXFileReference; lastKnownFileType = sourcecode.swift; path = NetworkManager.swift; sourceTree = "<group>"; };
		99B482712B4D7E14005327A4 /* CSError.swift */ = {isa = PBXFileReference; lastKnownFileType = sourcecode.swift; path = CSError.swift; sourceTree = "<group>"; };
		99B482732B4D9F61005327A4 /* CSAvatarImageView.swift */ = {isa = PBXFileReference; lastKnownFileType = sourcecode.swift; path = CSAvatarImageView.swift; sourceTree = "<group>"; };
		99B482752B4DA008005327A4 /* FollowerCell.swift */ = {isa = PBXFileReference; lastKnownFileType = sourcecode.swift; path = FollowerCell.swift; sourceTree = "<group>"; };
		99B482792B4E9FB9005327A4 /* UIHelper.swift */ = {isa = PBXFileReference; lastKnownFileType = sourcecode.swift; path = UIHelper.swift; sourceTree = "<group>"; };
		99B482812B4EEB86005327A4 /* CSEmptyStateView.swift */ = {isa = PBXFileReference; lastKnownFileType = sourcecode.swift; path = CSEmptyStateView.swift; sourceTree = "<group>"; };
/* End PBXFileReference section */

/* Begin PBXFrameworksBuildPhase section */
		995553B62B4934DC00260645 /* Frameworks */ = {
			isa = PBXFrameworksBuildPhase;
			buildActionMask = 2147483647;
			files = (
			);
			runOnlyForDeploymentPostprocessing = 0;
		};
/* End PBXFrameworksBuildPhase section */

/* Begin PBXGroup section */
		995553B02B4934DC00260645 = {
			isa = PBXGroup;
			children = (
				995553BB2B4934DC00260645 /* CaseStudy */,
				995553BA2B4934DC00260645 /* Products */,
			);
			sourceTree = "<group>";
		};
		995553BA2B4934DC00260645 /* Products */ = {
			isa = PBXGroup;
			children = (
				995553B92B4934DC00260645 /* CaseStudy.app */,
			);
			name = Products;
			sourceTree = "<group>";
		};
		995553BB2B4934DC00260645 /* CaseStudy */ = {
			isa = PBXGroup;
			children = (
				99B482702B4D7E05005327A4 /* Utilities */,
				995553CA2B4934E100260645 /* Info.plist */,
				99B4826D2B4D44AF005327A4 /* Managers */,
				99B482682B4D21C5005327A4 /* Models */,
				99B482632B4C4F60005327A4 /* Support */,
				99B482602B4C4E91005327A4 /* Extensions */,
				99B4825F2B4C4E83005327A4 /* Screens */,
				99B4825E2B4C4E6D005327A4 /* Custom Views */,
			);
			path = CaseStudy;
			sourceTree = "<group>";
		};
		99B4825E2B4C4E6D005327A4 /* Custom Views */ = {
			isa = PBXGroup;
			children = (
				99B482772B4DAEEC005327A4 /* Cells */,
				99B4827B2B4EEACD005327A4 /* Buttons */,
				99B482802B4EEB66005327A4 /* Textfields */,
				99B4827C2B4EEAEE005327A4 /* Labels */,
				99B4827E2B4EEB30005327A4 /* ViewControllers */,
				99B4827F2B4EEB3D005327A4 /* Views */,
				99B4827D2B4EEB02005327A4 /* ImageViews */,
			);
			path = "Custom Views";
			sourceTree = "<group>";
		};
		99B4825F2B4C4E83005327A4 /* Screens */ = {
			isa = PBXGroup;
			children = (
				995553D02B496F7500260645 /* SearchVC.swift */,
				99B482542B4ACBF5005327A4 /* FollowersVC.swift */,
				995553D22B496F8500260645 /* FavouritesVC.swift */,
			);
			path = Screens;
			sourceTree = "<group>";
		};
		99B482602B4C4E91005327A4 /* Extensions */ = {
			isa = PBXGroup;
			children = (
				99B4825C2B4C3EA1005327A4 /* UIViewController+Ext.swift */,
			);
			path = Extensions;
			sourceTree = "<group>";
		};
		99B482632B4C4F60005327A4 /* Support */ = {
			isa = PBXGroup;
			children = (
				995553BC2B4934DC00260645 /* AppDelegate.swift */,
				995553BE2B4934DC00260645 /* SceneDelegate.swift */,
				995553C52B4934E100260645 /* Assets.xcassets */,
				995553C72B4934E100260645 /* LaunchScreen.storyboard */,
			);
			name = Support;
			sourceTree = "<group>";
		};
		99B482682B4D21C5005327A4 /* Models */ = {
			isa = PBXGroup;
			children = (
				99B482692B4D21D2005327A4 /* Follower.swift */,
				99B4826B2B4D2998005327A4 /* User.swift */,
			);
			path = Models;
			sourceTree = "<group>";
		};
		99B4826D2B4D44AF005327A4 /* Managers */ = {
			isa = PBXGroup;
			children = (
				99B4826E2B4D44BA005327A4 /* NetworkManager.swift */,
			);
			path = Managers;
			sourceTree = "<group>";
		};
		99B482702B4D7E05005327A4 /* Utilities */ = {
			isa = PBXGroup;
			children = (
				99B482712B4D7E14005327A4 /* CSError.swift */,
				99B482792B4E9FB9005327A4 /* UIHelper.swift */,
			);
			path = Utilities;
			sourceTree = "<group>";
		};
		99B482772B4DAEEC005327A4 /* Cells */ = {
			isa = PBXGroup;
			children = (
				99B482752B4DA008005327A4 /* FollowerCell.swift */,
			);
			path = Cells;
			sourceTree = "<group>";
		};
		99B4827B2B4EEACD005327A4 /* Buttons */ = {
			isa = PBXGroup;
			children = (
				995553D42B4981FD00260645 /* CSButton.swift */,
			);
			path = Buttons;
			sourceTree = "<group>";
		};
		99B4827C2B4EEAEE005327A4 /* Labels */ = {
			isa = PBXGroup;
			children = (
				99B482562B4AFCFF005327A4 /* CSTitleLabel.swift */,
				99B482582B4AFE36005327A4 /* CSBodyLabel.swift */,
			);
			path = Labels;
			sourceTree = "<group>";
		};
		99B4827D2B4EEB02005327A4 /* ImageViews */ = {
			isa = PBXGroup;
			children = (
				99B482732B4D9F61005327A4 /* CSAvatarImageView.swift */,
			);
			path = ImageViews;
			sourceTree = "<group>";
		};
		99B4827E2B4EEB30005327A4 /* ViewControllers */ = {
			isa = PBXGroup;
			children = (
				99B4825A2B4BCC48005327A4 /* CSAlertVC.swift */,
			);
			path = ViewControllers;
			sourceTree = "<group>";
		};
		99B4827F2B4EEB3D005327A4 /* Views */ = {
			isa = PBXGroup;
			children = (
				99B482642B4C53FB005327A4 /* CSAlertContainerView.swift */,
				99B482812B4EEB86005327A4 /* CSEmptyStateView.swift */,
			);
			path = Views;
			sourceTree = "<group>";
		};
		99B482802B4EEB66005327A4 /* Textfields */ = {
			isa = PBXGroup;
			children = (
				995553D62B49942B00260645 /* CSTextfield.swift */,
			);
			path = Textfields;
			sourceTree = "<group>";
		};
/* End PBXGroup section */

/* Begin PBXNativeTarget section */
		995553B82B4934DC00260645 /* CaseStudy */ = {
			isa = PBXNativeTarget;
			buildConfigurationList = 995553CD2B4934E100260645 /* Build configuration list for PBXNativeTarget "CaseStudy" */;
			buildPhases = (
				995553B52B4934DC00260645 /* Sources */,
				995553B62B4934DC00260645 /* Frameworks */,
				995553B72B4934DC00260645 /* Resources */,
			);
			buildRules = (
			);
			dependencies = (
			);
			name = CaseStudy;
			productName = CaseStudy;
			productReference = 995553B92B4934DC00260645 /* CaseStudy.app */;
			productType = "com.apple.product-type.application";
		};
/* End PBXNativeTarget section */

/* Begin PBXProject section */
		995553B12B4934DC00260645 /* Project object */ = {
			isa = PBXProject;
			attributes = {
				BuildIndependentTargetsInParallel = 1;
				LastSwiftUpdateCheck = 1430;
				LastUpgradeCheck = 1430;
				TargetAttributes = {
					995553B82B4934DC00260645 = {
						CreatedOnToolsVersion = 14.3.1;
					};
				};
			};
			buildConfigurationList = 995553B42B4934DC00260645 /* Build configuration list for PBXProject "CaseStudy" */;
			compatibilityVersion = "Xcode 14.0";
			developmentRegion = en;
			hasScannedForEncodings = 0;
			knownRegions = (
				en,
				Base,
			);
			mainGroup = 995553B02B4934DC00260645;
			productRefGroup = 995553BA2B4934DC00260645 /* Products */;
			projectDirPath = "";
			projectRoot = "";
			targets = (
				995553B82B4934DC00260645 /* CaseStudy */,
			);
		};
/* End PBXProject section */

/* Begin PBXResourcesBuildPhase section */
		995553B72B4934DC00260645 /* Resources */ = {
			isa = PBXResourcesBuildPhase;
			buildActionMask = 2147483647;
			files = (
				995553C92B4934E100260645 /* LaunchScreen.storyboard in Resources */,
				995553C62B4934E100260645 /* Assets.xcassets in Resources */,
			);
			runOnlyForDeploymentPostprocessing = 0;
		};
/* End PBXResourcesBuildPhase section */

/* Begin PBXSourcesBuildPhase section */
		995553B52B4934DC00260645 /* Sources */ = {
			isa = PBXSourcesBuildPhase;
			buildActionMask = 2147483647;
			files = (
				995553D12B496F7500260645 /* SearchVC.swift in Sources */,
				995553D52B4981FD00260645 /* CSButton.swift in Sources */,
				99B482552B4ACBF5005327A4 /* FollowersVC.swift in Sources */,
				99B4825D2B4C3EA1005327A4 /* UIViewController+Ext.swift in Sources */,
				99B4825B2B4BCC48005327A4 /* CSAlertVC.swift in Sources */,
				995553D32B496F8500260645 /* FavouritesVC.swift in Sources */,
				99B482742B4D9F61005327A4 /* CSAvatarImageView.swift in Sources */,
				99B4826C2B4D2998005327A4 /* User.swift in Sources */,
				995553BD2B4934DC00260645 /* AppDelegate.swift in Sources */,
				99B4826A2B4D21D2005327A4 /* Follower.swift in Sources */,
				99B482822B4EEB86005327A4 /* CSEmptyStateView.swift in Sources */,
				99B482572B4AFCFF005327A4 /* CSTitleLabel.swift in Sources */,
				99B482762B4DA008005327A4 /* FollowerCell.swift in Sources */,
				99B482592B4AFE36005327A4 /* CSBodyLabel.swift in Sources */,
				99B482652B4C53FB005327A4 /* CSAlertContainerView.swift in Sources */,
				99B482722B4D7E14005327A4 /* CSError.swift in Sources */,
				99B4827A2B4E9FB9005327A4 /* UIHelper.swift in Sources */,
				99B4826F2B4D44BA005327A4 /* NetworkManager.swift in Sources */,
				995553BF2B4934DC00260645 /* SceneDelegate.swift in Sources */,
				995553D72B49942B00260645 /* CSTextfield.swift in Sources */,
			);
			runOnlyForDeploymentPostprocessing = 0;
		};
/* End PBXSourcesBuildPhase section */

/* Begin PBXVariantGroup section */
		995553C72B4934E100260645 /* LaunchScreen.storyboard */ = {
			isa = PBXVariantGroup;
			children = (
				995553C82B4934E100260645 /* Base */,
			);
			name = LaunchScreen.storyboard;
			sourceTree = "<group>";
		};
/* End PBXVariantGroup section */

/* Begin XCBuildConfiguration section */
		995553CB2B4934E100260645 /* Debug */ = {
			isa = XCBuildConfiguration;
			buildSettings = {
				ALWAYS_SEARCH_USER_PATHS = NO;
				CLANG_ANALYZER_NONNULL = YES;
				CLANG_ANALYZER_NUMBER_OBJECT_CONVERSION = YES_AGGRESSIVE;
				CLANG_CXX_LANGUAGE_STANDARD = "gnu++20";
				CLANG_ENABLE_MODULES = YES;
				CLANG_ENABLE_OBJC_ARC = YES;
				CLANG_ENABLE_OBJC_WEAK = YES;
				CLANG_WARN_BLOCK_CAPTURE_AUTORELEASING = YES;
				CLANG_WARN_BOOL_CONVERSION = YES;
				CLANG_WARN_COMMA = YES;
				CLANG_WARN_CONSTANT_CONVERSION = YES;
				CLANG_WARN_DEPRECATED_OBJC_IMPLEMENTATIONS = YES;
				CLANG_WARN_DIRECT_OBJC_ISA_USAGE = YES_ERROR;
				CLANG_WARN_DOCUMENTATION_COMMENTS = YES;
				CLANG_WARN_EMPTY_BODY = YES;
				CLANG_WARN_ENUM_CONVERSION = YES;
				CLANG_WARN_INFINITE_RECURSION = YES;
				CLANG_WARN_INT_CONVERSION = YES;
				CLANG_WARN_NON_LITERAL_NULL_CONVERSION = YES;
				CLANG_WARN_OBJC_IMPLICIT_RETAIN_SELF = YES;
				CLANG_WARN_OBJC_LITERAL_CONVERSION = YES;
				CLANG_WARN_OBJC_ROOT_CLASS = YES_ERROR;
				CLANG_WARN_QUOTED_INCLUDE_IN_FRAMEWORK_HEADER = YES;
				CLANG_WARN_RANGE_LOOP_ANALYSIS = YES;
				CLANG_WARN_STRICT_PROTOTYPES = YES;
				CLANG_WARN_SUSPICIOUS_MOVE = YES;
				CLANG_WARN_UNGUARDED_AVAILABILITY = YES_AGGRESSIVE;
				CLANG_WARN_UNREACHABLE_CODE = YES;
				CLANG_WARN__DUPLICATE_METHOD_MATCH = YES;
				COPY_PHASE_STRIP = NO;
				DEBUG_INFORMATION_FORMAT = dwarf;
				ENABLE_STRICT_OBJC_MSGSEND = YES;
				ENABLE_TESTABILITY = YES;
				GCC_C_LANGUAGE_STANDARD = gnu11;
				GCC_DYNAMIC_NO_PIC = NO;
				GCC_NO_COMMON_BLOCKS = YES;
				GCC_OPTIMIZATION_LEVEL = 0;
				GCC_PREPROCESSOR_DEFINITIONS = (
					"DEBUG=1",
					"$(inherited)",
				);
				GCC_WARN_64_TO_32_BIT_CONVERSION = YES;
				GCC_WARN_ABOUT_RETURN_TYPE = YES_ERROR;
				GCC_WARN_UNDECLARED_SELECTOR = YES;
				GCC_WARN_UNINITIALIZED_AUTOS = YES_AGGRESSIVE;
				GCC_WARN_UNUSED_FUNCTION = YES;
				GCC_WARN_UNUSED_VARIABLE = YES;
				IPHONEOS_DEPLOYMENT_TARGET = 16.4;
				MTL_ENABLE_DEBUG_INFO = INCLUDE_SOURCE;
				MTL_FAST_MATH = YES;
				ONLY_ACTIVE_ARCH = YES;
				SDKROOT = iphoneos;
				SWIFT_ACTIVE_COMPILATION_CONDITIONS = DEBUG;
				SWIFT_OPTIMIZATION_LEVEL = "-Onone";
			};
			name = Debug;
		};
		995553CC2B4934E100260645 /* Release */ = {
			isa = XCBuildConfiguration;
			buildSettings = {
				ALWAYS_SEARCH_USER_PATHS = NO;
				CLANG_ANALYZER_NONNULL = YES;
				CLANG_ANALYZER_NUMBER_OBJECT_CONVERSION = YES_AGGRESSIVE;
				CLANG_CXX_LANGUAGE_STANDARD = "gnu++20";
				CLANG_ENABLE_MODULES = YES;
				CLANG_ENABLE_OBJC_ARC = YES;
				CLANG_ENABLE_OBJC_WEAK = YES;
				CLANG_WARN_BLOCK_CAPTURE_AUTORELEASING = YES;
				CLANG_WARN_BOOL_CONVERSION = YES;
				CLANG_WARN_COMMA = YES;
				CLANG_WARN_CONSTANT_CONVERSION = YES;
				CLANG_WARN_DEPRECATED_OBJC_IMPLEMENTATIONS = YES;
				CLANG_WARN_DIRECT_OBJC_ISA_USAGE = YES_ERROR;
				CLANG_WARN_DOCUMENTATION_COMMENTS = YES;
				CLANG_WARN_EMPTY_BODY = YES;
				CLANG_WARN_ENUM_CONVERSION = YES;
				CLANG_WARN_INFINITE_RECURSION = YES;
				CLANG_WARN_INT_CONVERSION = YES;
				CLANG_WARN_NON_LITERAL_NULL_CONVERSION = YES;
				CLANG_WARN_OBJC_IMPLICIT_RETAIN_SELF = YES;
				CLANG_WARN_OBJC_LITERAL_CONVERSION = YES;
				CLANG_WARN_OBJC_ROOT_CLASS = YES_ERROR;
				CLANG_WARN_QUOTED_INCLUDE_IN_FRAMEWORK_HEADER = YES;
				CLANG_WARN_RANGE_LOOP_ANALYSIS = YES;
				CLANG_WARN_STRICT_PROTOTYPES = YES;
				CLANG_WARN_SUSPICIOUS_MOVE = YES;
				CLANG_WARN_UNGUARDED_AVAILABILITY = YES_AGGRESSIVE;
				CLANG_WARN_UNREACHABLE_CODE = YES;
				CLANG_WARN__DUPLICATE_METHOD_MATCH = YES;
				COPY_PHASE_STRIP = NO;
				DEBUG_INFORMATION_FORMAT = "dwarf-with-dsym";
				ENABLE_NS_ASSERTIONS = NO;
				ENABLE_STRICT_OBJC_MSGSEND = YES;
				GCC_C_LANGUAGE_STANDARD = gnu11;
				GCC_NO_COMMON_BLOCKS = YES;
				GCC_WARN_64_TO_32_BIT_CONVERSION = YES;
				GCC_WARN_ABOUT_RETURN_TYPE = YES_ERROR;
				GCC_WARN_UNDECLARED_SELECTOR = YES;
				GCC_WARN_UNINITIALIZED_AUTOS = YES_AGGRESSIVE;
				GCC_WARN_UNUSED_FUNCTION = YES;
				GCC_WARN_UNUSED_VARIABLE = YES;
				IPHONEOS_DEPLOYMENT_TARGET = 16.4;
				MTL_ENABLE_DEBUG_INFO = NO;
				MTL_FAST_MATH = YES;
				SDKROOT = iphoneos;
				SWIFT_COMPILATION_MODE = wholemodule;
				SWIFT_OPTIMIZATION_LEVEL = "-O";
				VALIDATE_PRODUCT = YES;
			};
			name = Release;
		};
		995553CE2B4934E100260645 /* Debug */ = {
			isa = XCBuildConfiguration;
			buildSettings = {
				ASSETCATALOG_COMPILER_APPICON_NAME = AppIcon;
				ASSETCATALOG_COMPILER_GLOBAL_ACCENT_COLOR_NAME = AccentColor;
				CODE_SIGN_STYLE = Automatic;
				CURRENT_PROJECT_VERSION = 1;
				DEVELOPMENT_TEAM = DJAKTWW879;
				GENERATE_INFOPLIST_FILE = YES;
				INFOPLIST_FILE = CaseStudy/Info.plist;
				INFOPLIST_KEY_UIApplicationSupportsIndirectInputEvents = YES;
				INFOPLIST_KEY_UILaunchStoryboardName = LaunchScreen;
				INFOPLIST_KEY_UISupportedInterfaceOrientations = UIInterfaceOrientationPortrait;
				LD_RUNPATH_SEARCH_PATHS = (
					"$(inherited)",
					"@executable_path/Frameworks",
				);
				MARKETING_VERSION = 1.0;
				PRODUCT_BUNDLE_IDENTIFIER = arda.buyukhatipoglu.CaseStudy;
				PRODUCT_NAME = "$(TARGET_NAME)";
				SWIFT_EMIT_LOC_STRINGS = YES;
				SWIFT_VERSION = 5.0;
				TARGETED_DEVICE_FAMILY = "1,2";
			};
			name = Debug;
		};
		995553CF2B4934E100260645 /* Release */ = {
			isa = XCBuildConfiguration;
			buildSettings = {
				ASSETCATALOG_COMPILER_APPICON_NAME = AppIcon;
				ASSETCATALOG_COMPILER_GLOBAL_ACCENT_COLOR_NAME = AccentColor;
				CODE_SIGN_STYLE = Automatic;
				CURRENT_PROJECT_VERSION = 1;
				DEVELOPMENT_TEAM = DJAKTWW879;
				GENERATE_INFOPLIST_FILE = YES;
				INFOPLIST_FILE = CaseStudy/Info.plist;
				INFOPLIST_KEY_UIApplicationSupportsIndirectInputEvents = YES;
				INFOPLIST_KEY_UILaunchStoryboardName = LaunchScreen;
				INFOPLIST_KEY_UISupportedInterfaceOrientations = UIInterfaceOrientationPortrait;
				LD_RUNPATH_SEARCH_PATHS = (
					"$(inherited)",
					"@executable_path/Frameworks",
				);
				MARKETING_VERSION = 1.0;
				PRODUCT_BUNDLE_IDENTIFIER = arda.buyukhatipoglu.CaseStudy;
				PRODUCT_NAME = "$(TARGET_NAME)";
				SWIFT_EMIT_LOC_STRINGS = YES;
				SWIFT_VERSION = 5.0;
				TARGETED_DEVICE_FAMILY = "1,2";
			};
			name = Release;
		};
/* End XCBuildConfiguration section */

/* Begin XCConfigurationList section */
		995553B42B4934DC00260645 /* Build configuration list for PBXProject "CaseStudy" */ = {
			isa = XCConfigurationList;
			buildConfigurations = (
				995553CB2B4934E100260645 /* Debug */,
				995553CC2B4934E100260645 /* Release */,
			);
			defaultConfigurationIsVisible = 0;
			defaultConfigurationName = Release;
		};
		995553CD2B4934E100260645 /* Build configuration list for PBXNativeTarget "CaseStudy" */ = {
			isa = XCConfigurationList;
			buildConfigurations = (
				995553CE2B4934E100260645 /* Debug */,
				995553CF2B4934E100260645 /* Release */,
			);
			defaultConfigurationIsVisible = 0;
			defaultConfigurationName = Release;
		};
/* End XCConfigurationList section */
	};
	rootObject = 995553B12B4934DC00260645 /* Project object */;
}
